// !$*UTF8*$!
{
	archiveVersion = 1;
	classes = {
	};
	objectVersion = 50;
	objects = {

/* Begin PBXBuildFile section */
		1915CD5A9976FB0F21BBDEB1 /* libPods-Drive.a in Frameworks */ = {isa = PBXBuildFile; fileRef = AB893EEE57BDD5707E1D32F7 /* libPods-Drive.a */; };
		CA35792D24EB64D600E594A8 /* UserProvider.swift in Sources */ = {isa = PBXBuildFile; fileRef = CA35792C24EB64D600E594A8 /* UserProvider.swift */; };
		CA35792F24EB651C00E594A8 /* RegisterRequest.swift in Sources */ = {isa = PBXBuildFile; fileRef = CA35792E24EB651C00E594A8 /* RegisterRequest.swift */; };
		CA5E937524CBE69100C36AC3 /* UIViewExtension.swift in Sources */ = {isa = PBXBuildFile; fileRef = CA5E937424CBE69100C36AC3 /* UIViewExtension.swift */; };
		CA5E937724CBE6D600C36AC3 /* Storyboard.swift in Sources */ = {isa = PBXBuildFile; fileRef = CA5E937624CBE6D600C36AC3 /* Storyboard.swift */; };
		CA5E937924CBE71500C36AC3 /* MapVC.swift in Sources */ = {isa = PBXBuildFile; fileRef = CA5E937824CBE71500C36AC3 /* MapVC.swift */; };
		CA5E937B24CBEAE000C36AC3 /* DriveVC.swift in Sources */ = {isa = PBXBuildFile; fileRef = CA5E937A24CBEAE000C36AC3 /* DriveVC.swift */; };
		CA916D0724D8EB6F00601E0C /* DriveResponse.swift in Sources */ = {isa = PBXBuildFile; fileRef = CA916D0624D8EB6F00601E0C /* DriveResponse.swift */; };
		CAB592CF24CA89E3001A005A /* AppDelegate.swift in Sources */ = {isa = PBXBuildFile; fileRef = CAB592CE24CA89E3001A005A /* AppDelegate.swift */; };
		CAB592D124CA89E3001A005A /* SceneDelegate.swift in Sources */ = {isa = PBXBuildFile; fileRef = CAB592D024CA89E3001A005A /* SceneDelegate.swift */; };
		CAB592D324CA89E3001A005A /* DriveCoordinator.swift in Sources */ = {isa = PBXBuildFile; fileRef = CAB592D224CA89E3001A005A /* DriveCoordinator.swift */; };
		CAB592D624CA89E3001A005A /* Main.storyboard in Resources */ = {isa = PBXBuildFile; fileRef = CAB592D424CA89E3001A005A /* Main.storyboard */; };
		CAB592D924CA89E3001A005A /* Drive.xcdatamodeld in Sources */ = {isa = PBXBuildFile; fileRef = CAB592D724CA89E3001A005A /* Drive.xcdatamodeld */; };
		CAB592DB24CA89E4001A005A /* Assets.xcassets in Resources */ = {isa = PBXBuildFile; fileRef = CAB592DA24CA89E4001A005A /* Assets.xcassets */; };
		CAB592DE24CA89E4001A005A /* LaunchScreen.storyboard in Resources */ = {isa = PBXBuildFile; fileRef = CAB592DC24CA89E4001A005A /* LaunchScreen.storyboard */; };
		CAB592E924CA89E4001A005A /* DriveTests.swift in Sources */ = {isa = PBXBuildFile; fileRef = CAB592E824CA89E4001A005A /* DriveTests.swift */; };
		CAB592F424CA89E4001A005A /* DriveUITests.swift in Sources */ = {isa = PBXBuildFile; fileRef = CAB592F324CA89E4001A005A /* DriveUITests.swift */; };
		CABFC3C824D79F330036A387 /* DriveService.swift in Sources */ = {isa = PBXBuildFile; fileRef = CABFC3C724D79F330036A387 /* DriveService.swift */; };
		CABFC3CA24D79F830036A387 /* LocationProvider.swift in Sources */ = {isa = PBXBuildFile; fileRef = CABFC3C924D79F830036A387 /* LocationProvider.swift */; };
		CABFC3CC24D79FDA0036A387 /* Endpoint.swift in Sources */ = {isa = PBXBuildFile; fileRef = CABFC3CB24D79FDA0036A387 /* Endpoint.swift */; };
		CABFC3CE24D7A00C0036A387 /* RequestFactory.swift in Sources */ = {isa = PBXBuildFile; fileRef = CABFC3CD24D7A00C0036A387 /* RequestFactory.swift */; };
		CABFC3D024D7A0480036A387 /* RegisterResponse.swift in Sources */ = {isa = PBXBuildFile; fileRef = CABFC3CF24D7A0480036A387 /* RegisterResponse.swift */; };
		CABFC3D624D7A1F00036A387 /* DriveServiceType.swift in Sources */ = {isa = PBXBuildFile; fileRef = CABFC3D524D7A1F00036A387 /* DriveServiceType.swift */; };
		CABFC3DA24D7A2A40036A387 /* User.swift in Sources */ = {isa = PBXBuildFile; fileRef = CABFC3D924D7A2A40036A387 /* User.swift */; };
		CABFC3DD24D7A3010036A387 /* StoryboardInstantiable.swift in Sources */ = {isa = PBXBuildFile; fileRef = CABFC3DC24D7A3010036A387 /* StoryboardInstantiable.swift */; };
		CADEB26E24CD145D0048056D /* DriveButton.swift in Sources */ = {isa = PBXBuildFile; fileRef = CADEB26D24CD145D0048056D /* DriveButton.swift */; };
		CADEB27024CD147E0048056D /* DriveButtonViewModel.swift in Sources */ = {isa = PBXBuildFile; fileRef = CADEB26F24CD147E0048056D /* DriveButtonViewModel.swift */; };
		D64AD355802C55455FB2C9D7 /* libPods-Drive-DriveUITests.a in Frameworks */ = {isa = PBXBuildFile; fileRef = 84D36094027C2DED6FB9B8D2 /* libPods-Drive-DriveUITests.a */; };
		F88395A0F9A2651E676AA459 /* libPods-DriveTests.a in Frameworks */ = {isa = PBXBuildFile; fileRef = 23DF7486BEFDC7B5B6DD0A87 /* libPods-DriveTests.a */; };
/* End PBXBuildFile section */

/* Begin PBXContainerItemProxy section */
		CAB592E524CA89E4001A005A /* PBXContainerItemProxy */ = {
			isa = PBXContainerItemProxy;
			containerPortal = CAB592C324CA89E2001A005A /* Project object */;
			proxyType = 1;
			remoteGlobalIDString = CAB592CA24CA89E3001A005A;
			remoteInfo = Drive;
		};
		CAB592F024CA89E4001A005A /* PBXContainerItemProxy */ = {
			isa = PBXContainerItemProxy;
			containerPortal = CAB592C324CA89E2001A005A /* Project object */;
			proxyType = 1;
			remoteGlobalIDString = CAB592CA24CA89E3001A005A;
			remoteInfo = Drive;
		};
/* End PBXContainerItemProxy section */

/* Begin PBXFileReference section */
		23DF7486BEFDC7B5B6DD0A87 /* libPods-DriveTests.a */ = {isa = PBXFileReference; explicitFileType = archive.ar; includeInIndex = 0; path = "libPods-DriveTests.a"; sourceTree = BUILT_PRODUCTS_DIR; };
		338E3FB07BF066B5062D821B /* Pods-Drive-DriveUITests.debug.xcconfig */ = {isa = PBXFileReference; includeInIndex = 1; lastKnownFileType = text.xcconfig; name = "Pods-Drive-DriveUITests.debug.xcconfig"; path = "Target Support Files/Pods-Drive-DriveUITests/Pods-Drive-DriveUITests.debug.xcconfig"; sourceTree = "<group>"; };
		3C5595773D2F6527FC520721 /* Pods-Drive.debug.xcconfig */ = {isa = PBXFileReference; includeInIndex = 1; lastKnownFileType = text.xcconfig; name = "Pods-Drive.debug.xcconfig"; path = "Target Support Files/Pods-Drive/Pods-Drive.debug.xcconfig"; sourceTree = "<group>"; };
		42BE13370A38A6911898C616 /* Pods-DriveTests.release.xcconfig */ = {isa = PBXFileReference; includeInIndex = 1; lastKnownFileType = text.xcconfig; name = "Pods-DriveTests.release.xcconfig"; path = "Target Support Files/Pods-DriveTests/Pods-DriveTests.release.xcconfig"; sourceTree = "<group>"; };
		83D0C9BD60AB67BA37307CBC /* Pods-Drive-DriveUITests.release.xcconfig */ = {isa = PBXFileReference; includeInIndex = 1; lastKnownFileType = text.xcconfig; name = "Pods-Drive-DriveUITests.release.xcconfig"; path = "Target Support Files/Pods-Drive-DriveUITests/Pods-Drive-DriveUITests.release.xcconfig"; sourceTree = "<group>"; };
		84D36094027C2DED6FB9B8D2 /* libPods-Drive-DriveUITests.a */ = {isa = PBXFileReference; explicitFileType = archive.ar; includeInIndex = 0; path = "libPods-Drive-DriveUITests.a"; sourceTree = BUILT_PRODUCTS_DIR; };
		AB893EEE57BDD5707E1D32F7 /* libPods-Drive.a */ = {isa = PBXFileReference; explicitFileType = archive.ar; includeInIndex = 0; path = "libPods-Drive.a"; sourceTree = BUILT_PRODUCTS_DIR; };
		B89D6073D16FB504EFF57DA6 /* Pods-Drive.release.xcconfig */ = {isa = PBXFileReference; includeInIndex = 1; lastKnownFileType = text.xcconfig; name = "Pods-Drive.release.xcconfig"; path = "Target Support Files/Pods-Drive/Pods-Drive.release.xcconfig"; sourceTree = "<group>"; };
		CA35792C24EB64D600E594A8 /* UserProvider.swift */ = {isa = PBXFileReference; lastKnownFileType = sourcecode.swift; path = UserProvider.swift; sourceTree = "<group>"; };
		CA35792E24EB651C00E594A8 /* RegisterRequest.swift */ = {isa = PBXFileReference; lastKnownFileType = sourcecode.swift; path = RegisterRequest.swift; sourceTree = "<group>"; };
		CA5E937424CBE69100C36AC3 /* UIViewExtension.swift */ = {isa = PBXFileReference; lastKnownFileType = sourcecode.swift; path = UIViewExtension.swift; sourceTree = "<group>"; };
		CA5E937624CBE6D600C36AC3 /* Storyboard.swift */ = {isa = PBXFileReference; lastKnownFileType = sourcecode.swift; path = Storyboard.swift; sourceTree = "<group>"; };
		CA5E937824CBE71500C36AC3 /* MapVC.swift */ = {isa = PBXFileReference; lastKnownFileType = sourcecode.swift; path = MapVC.swift; sourceTree = "<group>"; };
		CA5E937A24CBEAE000C36AC3 /* DriveVC.swift */ = {isa = PBXFileReference; lastKnownFileType = sourcecode.swift; path = DriveVC.swift; sourceTree = "<group>"; };
		CA916D0624D8EB6F00601E0C /* DriveResponse.swift */ = {isa = PBXFileReference; lastKnownFileType = sourcecode.swift; path = DriveResponse.swift; sourceTree = "<group>"; };
		CAB592CB24CA89E3001A005A /* Drive.app */ = {isa = PBXFileReference; explicitFileType = wrapper.application; includeInIndex = 0; path = Drive.app; sourceTree = BUILT_PRODUCTS_DIR; };
		CAB592CE24CA89E3001A005A /* AppDelegate.swift */ = {isa = PBXFileReference; lastKnownFileType = sourcecode.swift; path = AppDelegate.swift; sourceTree = "<group>"; };
		CAB592D024CA89E3001A005A /* SceneDelegate.swift */ = {isa = PBXFileReference; lastKnownFileType = sourcecode.swift; path = SceneDelegate.swift; sourceTree = "<group>"; };
		CAB592D224CA89E3001A005A /* DriveCoordinator.swift */ = {isa = PBXFileReference; lastKnownFileType = sourcecode.swift; path = DriveCoordinator.swift; sourceTree = "<group>"; };
		CAB592D524CA89E3001A005A /* Base */ = {isa = PBXFileReference; lastKnownFileType = file.storyboard; name = Base; path = Base.lproj/Main.storyboard; sourceTree = "<group>"; };
		CAB592D824CA89E3001A005A /* Drive.xcdatamodel */ = {isa = PBXFileReference; lastKnownFileType = wrapper.xcdatamodel; path = Drive.xcdatamodel; sourceTree = "<group>"; };
		CAB592DA24CA89E4001A005A /* Assets.xcassets */ = {isa = PBXFileReference; lastKnownFileType = folder.assetcatalog; path = Assets.xcassets; sourceTree = "<group>"; };
		CAB592DD24CA89E4001A005A /* Base */ = {isa = PBXFileReference; lastKnownFileType = file.storyboard; name = Base; path = Base.lproj/LaunchScreen.storyboard; sourceTree = "<group>"; };
		CAB592DF24CA89E4001A005A /* Info.plist */ = {isa = PBXFileReference; lastKnownFileType = text.plist.xml; path = Info.plist; sourceTree = "<group>"; };
		CAB592E424CA89E4001A005A /* DriveTests.xctest */ = {isa = PBXFileReference; explicitFileType = wrapper.cfbundle; includeInIndex = 0; path = DriveTests.xctest; sourceTree = BUILT_PRODUCTS_DIR; };
		CAB592E824CA89E4001A005A /* DriveTests.swift */ = {isa = PBXFileReference; lastKnownFileType = sourcecode.swift; path = DriveTests.swift; sourceTree = "<group>"; };
		CAB592EA24CA89E4001A005A /* Info.plist */ = {isa = PBXFileReference; lastKnownFileType = text.plist.xml; path = Info.plist; sourceTree = "<group>"; };
		CAB592EF24CA89E4001A005A /* DriveUITests.xctest */ = {isa = PBXFileReference; explicitFileType = wrapper.cfbundle; includeInIndex = 0; path = DriveUITests.xctest; sourceTree = BUILT_PRODUCTS_DIR; };
		CAB592F324CA89E4001A005A /* DriveUITests.swift */ = {isa = PBXFileReference; lastKnownFileType = sourcecode.swift; path = DriveUITests.swift; sourceTree = "<group>"; };
		CAB592F524CA89E4001A005A /* Info.plist */ = {isa = PBXFileReference; lastKnownFileType = text.plist.xml; path = Info.plist; sourceTree = "<group>"; };
		CABFC3C724D79F330036A387 /* DriveService.swift */ = {isa = PBXFileReference; lastKnownFileType = sourcecode.swift; path = DriveService.swift; sourceTree = "<group>"; };
		CABFC3C924D79F830036A387 /* LocationProvider.swift */ = {isa = PBXFileReference; lastKnownFileType = sourcecode.swift; path = LocationProvider.swift; sourceTree = "<group>"; };
		CABFC3CB24D79FDA0036A387 /* Endpoint.swift */ = {isa = PBXFileReference; lastKnownFileType = sourcecode.swift; path = Endpoint.swift; sourceTree = "<group>"; };
		CABFC3CD24D7A00C0036A387 /* RequestFactory.swift */ = {isa = PBXFileReference; lastKnownFileType = sourcecode.swift; path = RequestFactory.swift; sourceTree = "<group>"; };
		CABFC3CF24D7A0480036A387 /* RegisterResponse.swift */ = {isa = PBXFileReference; lastKnownFileType = sourcecode.swift; path = RegisterResponse.swift; sourceTree = "<group>"; };
		CABFC3D524D7A1F00036A387 /* DriveServiceType.swift */ = {isa = PBXFileReference; lastKnownFileType = sourcecode.swift; path = DriveServiceType.swift; sourceTree = "<group>"; };
		CABFC3D924D7A2A40036A387 /* User.swift */ = {isa = PBXFileReference; lastKnownFileType = sourcecode.swift; path = User.swift; sourceTree = "<group>"; };
		CABFC3DC24D7A3010036A387 /* StoryboardInstantiable.swift */ = {isa = PBXFileReference; lastKnownFileType = sourcecode.swift; path = StoryboardInstantiable.swift; sourceTree = "<group>"; };
		CADEB26D24CD145D0048056D /* DriveButton.swift */ = {isa = PBXFileReference; lastKnownFileType = sourcecode.swift; path = DriveButton.swift; sourceTree = "<group>"; };
		CADEB26F24CD147E0048056D /* DriveButtonViewModel.swift */ = {isa = PBXFileReference; lastKnownFileType = sourcecode.swift; path = DriveButtonViewModel.swift; sourceTree = "<group>"; };
		D31E8773E759C82EAEE3612B /* Pods-DriveTests.debug.xcconfig */ = {isa = PBXFileReference; includeInIndex = 1; lastKnownFileType = text.xcconfig; name = "Pods-DriveTests.debug.xcconfig"; path = "Target Support Files/Pods-DriveTests/Pods-DriveTests.debug.xcconfig"; sourceTree = "<group>"; };
/* End PBXFileReference section */

/* Begin PBXFrameworksBuildPhase section */
		CAB592C824CA89E3001A005A /* Frameworks */ = {
			isa = PBXFrameworksBuildPhase;
			buildActionMask = 2147483647;
			files = (
				1915CD5A9976FB0F21BBDEB1 /* libPods-Drive.a in Frameworks */,
			);
			runOnlyForDeploymentPostprocessing = 0;
		};
		CAB592E124CA89E4001A005A /* Frameworks */ = {
			isa = PBXFrameworksBuildPhase;
			buildActionMask = 2147483647;
			files = (
				F88395A0F9A2651E676AA459 /* libPods-DriveTests.a in Frameworks */,
			);
			runOnlyForDeploymentPostprocessing = 0;
		};
		CAB592EC24CA89E4001A005A /* Frameworks */ = {
			isa = PBXFrameworksBuildPhase;
			buildActionMask = 2147483647;
			files = (
				D64AD355802C55455FB2C9D7 /* libPods-Drive-DriveUITests.a in Frameworks */,
			);
			runOnlyForDeploymentPostprocessing = 0;
		};
/* End PBXFrameworksBuildPhase section */

/* Begin PBXGroup section */
		2A83B6E28C346C22A6DA9996 /* Pods */ = {
			isa = PBXGroup;
			children = (
				3C5595773D2F6527FC520721 /* Pods-Drive.debug.xcconfig */,
				B89D6073D16FB504EFF57DA6 /* Pods-Drive.release.xcconfig */,
				338E3FB07BF066B5062D821B /* Pods-Drive-DriveUITests.debug.xcconfig */,
				83D0C9BD60AB67BA37307CBC /* Pods-Drive-DriveUITests.release.xcconfig */,
				D31E8773E759C82EAEE3612B /* Pods-DriveTests.debug.xcconfig */,
				42BE13370A38A6911898C616 /* Pods-DriveTests.release.xcconfig */,
			);
			path = Pods;
			sourceTree = "<group>";
		};
		CA35793024EB652F00E594A8 /* Requests */ = {
			isa = PBXGroup;
			children = (
				CA35792E24EB651C00E594A8 /* RegisterRequest.swift */,
			);
			path = Requests;
			sourceTree = "<group>";
		};
		CA35793124EB656800E594A8 /* User */ = {
			isa = PBXGroup;
			children = (
				CABFC3D924D7A2A40036A387 /* User.swift */,
				CA35792C24EB64D600E594A8 /* UserProvider.swift */,
			);
			path = User;
			sourceTree = "<group>";
		};
		CAB592C224CA89E2001A005A = {
			isa = PBXGroup;
			children = (
				CAB592CD24CA89E3001A005A /* Drive */,
				CAB592E724CA89E4001A005A /* DriveTests */,
				CAB592F224CA89E4001A005A /* DriveUITests */,
				CAB592CC24CA89E3001A005A /* Products */,
				2A83B6E28C346C22A6DA9996 /* Pods */,
				E4BEC72BCC8BF4C88E83105D /* Frameworks */,
			);
			sourceTree = "<group>";
		};
		CAB592CC24CA89E3001A005A /* Products */ = {
			isa = PBXGroup;
			children = (
				CAB592CB24CA89E3001A005A /* Drive.app */,
				CAB592E424CA89E4001A005A /* DriveTests.xctest */,
				CAB592EF24CA89E4001A005A /* DriveUITests.xctest */,
			);
			name = Products;
			sourceTree = "<group>";
		};
		CAB592CD24CA89E3001A005A /* Drive */ = {
			isa = PBXGroup;
			children = (
				CAB592CE24CA89E3001A005A /* AppDelegate.swift */,
				CAB592D024CA89E3001A005A /* SceneDelegate.swift */,
				CA35793124EB656800E594A8 /* User */,
				CABFC3D324D7A1380036A387 /* API */,
				CABFC3D724D7A2520036A387 /* Location */,
				CABFC3E024D7A4C90036A387 /* Features */,
				CABFC3DE24D7A3120036A387 /* Storyboard */,
				CABFC3DF24D7A39C0036A387 /* Extensions */,
				CAB592DA24CA89E4001A005A /* Assets.xcassets */,
				CAB592DF24CA89E4001A005A /* Info.plist */,
				CAB592D724CA89E3001A005A /* Drive.xcdatamodeld */,
			);
			path = Drive;
			sourceTree = "<group>";
		};
		CAB592E724CA89E4001A005A /* DriveTests */ = {
			isa = PBXGroup;
			children = (
				CAB592E824CA89E4001A005A /* DriveTests.swift */,
				CAB592EA24CA89E4001A005A /* Info.plist */,
			);
			path = DriveTests;
			sourceTree = "<group>";
		};
		CAB592F224CA89E4001A005A /* DriveUITests */ = {
			isa = PBXGroup;
			children = (
				CAB592F324CA89E4001A005A /* DriveUITests.swift */,
				CAB592F524CA89E4001A005A /* Info.plist */,
			);
			path = DriveUITests;
			sourceTree = "<group>";
		};
		CABFC3D324D7A1380036A387 /* API */ = {
			isa = PBXGroup;
			children = (
				CABFC3CB24D79FDA0036A387 /* Endpoint.swift */,
				CABFC3C724D79F330036A387 /* DriveService.swift */,
				CABFC3D524D7A1F00036A387 /* DriveServiceType.swift */,
				CABFC3CD24D7A00C0036A387 /* RequestFactory.swift */,
				CA35793024EB652F00E594A8 /* Requests */,
				CABFC3D424D7A1790036A387 /* Responses */,
			);
			path = API;
			sourceTree = "<group>";
		};
		CABFC3D424D7A1790036A387 /* Responses */ = {
			isa = PBXGroup;
			children = (
				CABFC3CF24D7A0480036A387 /* RegisterResponse.swift */,
				CA916D0624D8EB6F00601E0C /* DriveResponse.swift */,
			);
			path = Responses;
			sourceTree = "<group>";
		};
		CABFC3D724D7A2520036A387 /* Location */ = {
			isa = PBXGroup;
			children = (
				CABFC3C924D79F830036A387 /* LocationProvider.swift */,
			);
			path = Location;
			sourceTree = "<group>";
		};
		CABFC3D824D7A2630036A387 /* TrackDrive */ = {
			isa = PBXGroup;
			children = (
				CAB592D224CA89E3001A005A /* DriveCoordinator.swift */,
				CA5E937824CBE71500C36AC3 /* MapVC.swift */,
				CA5E937A24CBEAE000C36AC3 /* DriveVC.swift */,
				CABFC3DB24D7A2C00036A387 /* Views */,
			);
			path = TrackDrive;
			sourceTree = "<group>";
		};
		CABFC3DB24D7A2C00036A387 /* Views */ = {
			isa = PBXGroup;
			children = (
				CADEB26D24CD145D0048056D /* DriveButton.swift */,
				CADEB26F24CD147E0048056D /* DriveButtonViewModel.swift */,
			);
			path = Views;
			sourceTree = "<group>";
		};
		CABFC3DE24D7A3120036A387 /* Storyboard */ = {
			isa = PBXGroup;
			children = (
				CA5E937624CBE6D600C36AC3 /* Storyboard.swift */,
				CABFC3DC24D7A3010036A387 /* StoryboardInstantiable.swift */,
				CAB592D424CA89E3001A005A /* Main.storyboard */,
				CAB592DC24CA89E4001A005A /* LaunchScreen.storyboard */,
			);
			path = Storyboard;
			sourceTree = "<group>";
		};
		CABFC3DF24D7A39C0036A387 /* Extensions */ = {
			isa = PBXGroup;
			children = (
				CA5E937424CBE69100C36AC3 /* UIViewExtension.swift */,
			);
			path = Extensions;
			sourceTree = "<group>";
		};
		CABFC3E024D7A4C90036A387 /* Features */ = {
			isa = PBXGroup;
			children = (
				CABFC3D824D7A2630036A387 /* TrackDrive */,
			);
			path = Features;
			sourceTree = "<group>";
		};
		E4BEC72BCC8BF4C88E83105D /* Frameworks */ = {
			isa = PBXGroup;
			children = (
				AB893EEE57BDD5707E1D32F7 /* libPods-Drive.a */,
				84D36094027C2DED6FB9B8D2 /* libPods-Drive-DriveUITests.a */,
				23DF7486BEFDC7B5B6DD0A87 /* libPods-DriveTests.a */,
			);
			name = Frameworks;
			sourceTree = "<group>";
		};
/* End PBXGroup section */

/* Begin PBXNativeTarget section */
		CAB592CA24CA89E3001A005A /* Drive */ = {
			isa = PBXNativeTarget;
			buildConfigurationList = CAB592F824CA89E4001A005A /* Build configuration list for PBXNativeTarget "Drive" */;
			buildPhases = (
				A97CE4A5AE31E35881B9167A /* [CP] Check Pods Manifest.lock */,
				CAB592C724CA89E3001A005A /* Sources */,
				CA5E937324CBAE5900C36AC3 /* ShellScript */,
				CAB592C824CA89E3001A005A /* Frameworks */,
				CAB592C924CA89E3001A005A /* Resources */,
			);
			buildRules = (
			);
			dependencies = (
			);
			name = Drive;
			productName = Drive;
			productReference = CAB592CB24CA89E3001A005A /* Drive.app */;
			productType = "com.apple.product-type.application";
		};
		CAB592E324CA89E4001A005A /* DriveTests */ = {
			isa = PBXNativeTarget;
			buildConfigurationList = CAB592FB24CA89E4001A005A /* Build configuration list for PBXNativeTarget "DriveTests" */;
			buildPhases = (
				9AE6996B4D184555029CA11B /* [CP] Check Pods Manifest.lock */,
				CAB592E024CA89E4001A005A /* Sources */,
				CAB592E124CA89E4001A005A /* Frameworks */,
				CAB592E224CA89E4001A005A /* Resources */,
			);
			buildRules = (
			);
			dependencies = (
				CAB592E624CA89E4001A005A /* PBXTargetDependency */,
			);
			name = DriveTests;
			productName = DriveTests;
			productReference = CAB592E424CA89E4001A005A /* DriveTests.xctest */;
			productType = "com.apple.product-type.bundle.unit-test";
		};
		CAB592EE24CA89E4001A005A /* DriveUITests */ = {
			isa = PBXNativeTarget;
			buildConfigurationList = CAB592FE24CA89E4001A005A /* Build configuration list for PBXNativeTarget "DriveUITests" */;
			buildPhases = (
				E7C7B96CDC881807D7559A9D /* [CP] Check Pods Manifest.lock */,
				CAB592EB24CA89E4001A005A /* Sources */,
				CAB592EC24CA89E4001A005A /* Frameworks */,
				CAB592ED24CA89E4001A005A /* Resources */,
			);
			buildRules = (
			);
			dependencies = (
				CAB592F124CA89E4001A005A /* PBXTargetDependency */,
			);
			name = DriveUITests;
			productName = DriveUITests;
			productReference = CAB592EF24CA89E4001A005A /* DriveUITests.xctest */;
			productType = "com.apple.product-type.bundle.ui-testing";
		};
/* End PBXNativeTarget section */

/* Begin PBXProject section */
		CAB592C324CA89E2001A005A /* Project object */ = {
			isa = PBXProject;
			attributes = {
				LastSwiftUpdateCheck = 1160;
				LastUpgradeCheck = 1160;
				ORGANIZATIONNAME = com.amanjosh;
				TargetAttributes = {
					CAB592CA24CA89E3001A005A = {
						CreatedOnToolsVersion = 11.6;
					};
					CAB592E324CA89E4001A005A = {
						CreatedOnToolsVersion = 11.6;
						TestTargetID = CAB592CA24CA89E3001A005A;
					};
					CAB592EE24CA89E4001A005A = {
						CreatedOnToolsVersion = 11.6;
						TestTargetID = CAB592CA24CA89E3001A005A;
					};
				};
			};
			buildConfigurationList = CAB592C624CA89E2001A005A /* Build configuration list for PBXProject "Drive" */;
			compatibilityVersion = "Xcode 9.3";
			developmentRegion = en;
			hasScannedForEncodings = 0;
			knownRegions = (
				en,
				Base,
			);
			mainGroup = CAB592C224CA89E2001A005A;
			productRefGroup = CAB592CC24CA89E3001A005A /* Products */;
			projectDirPath = "";
			projectRoot = "";
			targets = (
				CAB592CA24CA89E3001A005A /* Drive */,
				CAB592E324CA89E4001A005A /* DriveTests */,
				CAB592EE24CA89E4001A005A /* DriveUITests */,
			);
		};
/* End PBXProject section */

/* Begin PBXResourcesBuildPhase section */
		CAB592C924CA89E3001A005A /* Resources */ = {
			isa = PBXResourcesBuildPhase;
			buildActionMask = 2147483647;
			files = (
				CAB592DE24CA89E4001A005A /* LaunchScreen.storyboard in Resources */,
				CAB592DB24CA89E4001A005A /* Assets.xcassets in Resources */,
				CAB592D624CA89E3001A005A /* Main.storyboard in Resources */,
			);
			runOnlyForDeploymentPostprocessing = 0;
		};
		CAB592E224CA89E4001A005A /* Resources */ = {
			isa = PBXResourcesBuildPhase;
			buildActionMask = 2147483647;
			files = (
			);
			runOnlyForDeploymentPostprocessing = 0;
		};
		CAB592ED24CA89E4001A005A /* Resources */ = {
			isa = PBXResourcesBuildPhase;
			buildActionMask = 2147483647;
			files = (
			);
			runOnlyForDeploymentPostprocessing = 0;
		};
/* End PBXResourcesBuildPhase section */

/* Begin PBXShellScriptBuildPhase section */
		9AE6996B4D184555029CA11B /* [CP] Check Pods Manifest.lock */ = {
			isa = PBXShellScriptBuildPhase;
			buildActionMask = 2147483647;
			files = (
			);
			inputFileListPaths = (
			);
			inputPaths = (
				"${PODS_PODFILE_DIR_PATH}/Podfile.lock",
				"${PODS_ROOT}/Manifest.lock",
			);
			name = "[CP] Check Pods Manifest.lock";
			outputFileListPaths = (
			);
			outputPaths = (
				"$(DERIVED_FILE_DIR)/Pods-DriveTests-checkManifestLockResult.txt",
			);
			runOnlyForDeploymentPostprocessing = 0;
			shellPath = /bin/sh;
			shellScript = "diff \"${PODS_PODFILE_DIR_PATH}/Podfile.lock\" \"${PODS_ROOT}/Manifest.lock\" > /dev/null\nif [ $? != 0 ] ; then\n    # print error to STDERR\n    echo \"error: The sandbox is not in sync with the Podfile.lock. Run 'pod install' or update your CocoaPods installation.\" >&2\n    exit 1\nfi\n# This output is used by Xcode 'outputs' to avoid re-running this script phase.\necho \"SUCCESS\" > \"${SCRIPT_OUTPUT_FILE_0}\"\n";
			showEnvVarsInLog = 0;
		};
		A97CE4A5AE31E35881B9167A /* [CP] Check Pods Manifest.lock */ = {
			isa = PBXShellScriptBuildPhase;
			buildActionMask = 2147483647;
			files = (
			);
			inputFileListPaths = (
			);
			inputPaths = (
				"${PODS_PODFILE_DIR_PATH}/Podfile.lock",
				"${PODS_ROOT}/Manifest.lock",
			);
			name = "[CP] Check Pods Manifest.lock";
			outputFileListPaths = (
			);
			outputPaths = (
				"$(DERIVED_FILE_DIR)/Pods-Drive-checkManifestLockResult.txt",
			);
			runOnlyForDeploymentPostprocessing = 0;
			shellPath = /bin/sh;
			shellScript = "diff \"${PODS_PODFILE_DIR_PATH}/Podfile.lock\" \"${PODS_ROOT}/Manifest.lock\" > /dev/null\nif [ $? != 0 ] ; then\n    # print error to STDERR\n    echo \"error: The sandbox is not in sync with the Podfile.lock. Run 'pod install' or update your CocoaPods installation.\" >&2\n    exit 1\nfi\n# This output is used by Xcode 'outputs' to avoid re-running this script phase.\necho \"SUCCESS\" > \"${SCRIPT_OUTPUT_FILE_0}\"\n";
			showEnvVarsInLog = 0;
		};
		CA5E937324CBAE5900C36AC3 /* ShellScript */ = {
			isa = PBXShellScriptBuildPhase;
			buildActionMask = 2147483647;
			files = (
			);
			inputFileListPaths = (
			);
			inputPaths = (
			);
			outputFileListPaths = (
			);
			outputPaths = (
			);
			runOnlyForDeploymentPostprocessing = 0;
			shellPath = /bin/sh;
			shellScript = "if which swiftlint >/dev/null; then\n  swiftlint\nelse\n  echo \"warning: SwiftLint not installed, download from https://github.com/realm/SwiftLint\"\nfi\n";
		};
		E7C7B96CDC881807D7559A9D /* [CP] Check Pods Manifest.lock */ = {
			isa = PBXShellScriptBuildPhase;
			buildActionMask = 2147483647;
			files = (
			);
			inputFileListPaths = (
			);
			inputPaths = (
				"${PODS_PODFILE_DIR_PATH}/Podfile.lock",
				"${PODS_ROOT}/Manifest.lock",
			);
			name = "[CP] Check Pods Manifest.lock";
			outputFileListPaths = (
			);
			outputPaths = (
				"$(DERIVED_FILE_DIR)/Pods-Drive-DriveUITests-checkManifestLockResult.txt",
			);
			runOnlyForDeploymentPostprocessing = 0;
			shellPath = /bin/sh;
			shellScript = "diff \"${PODS_PODFILE_DIR_PATH}/Podfile.lock\" \"${PODS_ROOT}/Manifest.lock\" > /dev/null\nif [ $? != 0 ] ; then\n    # print error to STDERR\n    echo \"error: The sandbox is not in sync with the Podfile.lock. Run 'pod install' or update your CocoaPods installation.\" >&2\n    exit 1\nfi\n# This output is used by Xcode 'outputs' to avoid re-running this script phase.\necho \"SUCCESS\" > \"${SCRIPT_OUTPUT_FILE_0}\"\n";
			showEnvVarsInLog = 0;
		};
/* End PBXShellScriptBuildPhase section */

/* Begin PBXSourcesBuildPhase section */
		CAB592C724CA89E3001A005A /* Sources */ = {
			isa = PBXSourcesBuildPhase;
			buildActionMask = 2147483647;
			files = (
				CA5E937524CBE69100C36AC3 /* UIViewExtension.swift in Sources */,
				CAB592D924CA89E3001A005A /* Drive.xcdatamodeld in Sources */,
				CA916D0724D8EB6F00601E0C /* DriveResponse.swift in Sources */,
				CAB592D324CA89E3001A005A /* DriveCoordinator.swift in Sources */,
				CABFC3D024D7A0480036A387 /* RegisterResponse.swift in Sources */,
				CABFC3DD24D7A3010036A387 /* StoryboardInstantiable.swift in Sources */,
				CABFC3CC24D79FDA0036A387 /* Endpoint.swift in Sources */,
				CA5E937B24CBEAE000C36AC3 /* DriveVC.swift in Sources */,
				CADEB27024CD147E0048056D /* DriveButtonViewModel.swift in Sources */,
				CABFC3DA24D7A2A40036A387 /* User.swift in Sources */,
				CABFC3C824D79F330036A387 /* DriveService.swift in Sources */,
				CA35792F24EB651C00E594A8 /* RegisterRequest.swift in Sources */,
				CAB592CF24CA89E3001A005A /* AppDelegate.swift in Sources */,
				CADEB26E24CD145D0048056D /* DriveButton.swift in Sources */,
				CA5E937924CBE71500C36AC3 /* MapVC.swift in Sources */,
				CABFC3CE24D7A00C0036A387 /* RequestFactory.swift in Sources */,
				CABFC3CA24D79F830036A387 /* LocationProvider.swift in Sources */,
				CA5E937724CBE6D600C36AC3 /* Storyboard.swift in Sources */,
				CABFC3D624D7A1F00036A387 /* DriveServiceType.swift in Sources */,
				CAB592D124CA89E3001A005A /* SceneDelegate.swift in Sources */,
				CA35792D24EB64D600E594A8 /* UserProvider.swift in Sources */,
			);
			runOnlyForDeploymentPostprocessing = 0;
		};
		CAB592E024CA89E4001A005A /* Sources */ = {
			isa = PBXSourcesBuildPhase;
			buildActionMask = 2147483647;
			files = (
				CAB592E924CA89E4001A005A /* DriveTests.swift in Sources */,
			);
			runOnlyForDeploymentPostprocessing = 0;
		};
		CAB592EB24CA89E4001A005A /* Sources */ = {
			isa = PBXSourcesBuildPhase;
			buildActionMask = 2147483647;
			files = (
				CAB592F424CA89E4001A005A /* DriveUITests.swift in Sources */,
			);
			runOnlyForDeploymentPostprocessing = 0;
		};
/* End PBXSourcesBuildPhase section */

/* Begin PBXTargetDependency section */
		CAB592E624CA89E4001A005A /* PBXTargetDependency */ = {
			isa = PBXTargetDependency;
			target = CAB592CA24CA89E3001A005A /* Drive */;
			targetProxy = CAB592E524CA89E4001A005A /* PBXContainerItemProxy */;
		};
		CAB592F124CA89E4001A005A /* PBXTargetDependency */ = {
			isa = PBXTargetDependency;
			target = CAB592CA24CA89E3001A005A /* Drive */;
			targetProxy = CAB592F024CA89E4001A005A /* PBXContainerItemProxy */;
		};
/* End PBXTargetDependency section */

/* Begin PBXVariantGroup section */
		CAB592D424CA89E3001A005A /* Main.storyboard */ = {
			isa = PBXVariantGroup;
			children = (
				CAB592D524CA89E3001A005A /* Base */,
			);
			name = Main.storyboard;
			sourceTree = "<group>";
		};
		CAB592DC24CA89E4001A005A /* LaunchScreen.storyboard */ = {
			isa = PBXVariantGroup;
			children = (
				CAB592DD24CA89E4001A005A /* Base */,
			);
			name = LaunchScreen.storyboard;
			sourceTree = "<group>";
		};
/* End PBXVariantGroup section */

/* Begin XCBuildConfiguration section */
		CAB592F624CA89E4001A005A /* Debug */ = {
			isa = XCBuildConfiguration;
			buildSettings = {
				ALWAYS_SEARCH_USER_PATHS = NO;
				CLANG_ANALYZER_NONNULL = YES;
				CLANG_ANALYZER_NUMBER_OBJECT_CONVERSION = YES_AGGRESSIVE;
				CLANG_CXX_LANGUAGE_STANDARD = "gnu++14";
				CLANG_CXX_LIBRARY = "libc++";
				CLANG_ENABLE_MODULES = YES;
				CLANG_ENABLE_OBJC_ARC = YES;
				CLANG_ENABLE_OBJC_WEAK = YES;
				CLANG_WARN_BLOCK_CAPTURE_AUTORELEASING = YES;
				CLANG_WARN_BOOL_CONVERSION = YES;
				CLANG_WARN_COMMA = YES;
				CLANG_WARN_CONSTANT_CONVERSION = YES;
				CLANG_WARN_DEPRECATED_OBJC_IMPLEMENTATIONS = YES;
				CLANG_WARN_DIRECT_OBJC_ISA_USAGE = YES_ERROR;
				CLANG_WARN_DOCUMENTATION_COMMENTS = YES;
				CLANG_WARN_EMPTY_BODY = YES;
				CLANG_WARN_ENUM_CONVERSION = YES;
				CLANG_WARN_INFINITE_RECURSION = YES;
				CLANG_WARN_INT_CONVERSION = YES;
				CLANG_WARN_NON_LITERAL_NULL_CONVERSION = YES;
				CLANG_WARN_OBJC_IMPLICIT_RETAIN_SELF = YES;
				CLANG_WARN_OBJC_LITERAL_CONVERSION = YES;
				CLANG_WARN_OBJC_ROOT_CLASS = YES_ERROR;
				CLANG_WARN_RANGE_LOOP_ANALYSIS = YES;
				CLANG_WARN_STRICT_PROTOTYPES = YES;
				CLANG_WARN_SUSPICIOUS_MOVE = YES;
				CLANG_WARN_UNGUARDED_AVAILABILITY = YES_AGGRESSIVE;
				CLANG_WARN_UNREACHABLE_CODE = YES;
				CLANG_WARN__DUPLICATE_METHOD_MATCH = YES;
				COPY_PHASE_STRIP = NO;
				DEBUG_INFORMATION_FORMAT = dwarf;
				ENABLE_STRICT_OBJC_MSGSEND = YES;
				ENABLE_TESTABILITY = YES;
				GCC_C_LANGUAGE_STANDARD = gnu11;
				GCC_DYNAMIC_NO_PIC = NO;
				GCC_NO_COMMON_BLOCKS = YES;
				GCC_OPTIMIZATION_LEVEL = 0;
				GCC_PREPROCESSOR_DEFINITIONS = (
					"DEBUG=1",
					"$(inherited)",
				);
				GCC_WARN_64_TO_32_BIT_CONVERSION = YES;
				GCC_WARN_ABOUT_RETURN_TYPE = YES_ERROR;
				GCC_WARN_UNDECLARED_SELECTOR = YES;
				GCC_WARN_UNINITIALIZED_AUTOS = YES_AGGRESSIVE;
				GCC_WARN_UNUSED_FUNCTION = YES;
				GCC_WARN_UNUSED_VARIABLE = YES;
				IPHONEOS_DEPLOYMENT_TARGET = 13.6;
				MTL_ENABLE_DEBUG_INFO = INCLUDE_SOURCE;
				MTL_FAST_MATH = YES;
				ONLY_ACTIVE_ARCH = YES;
				SDKROOT = iphoneos;
				SWIFT_ACTIVE_COMPILATION_CONDITIONS = DEBUG;
				SWIFT_OPTIMIZATION_LEVEL = "-Onone";
			};
			name = Debug;
		};
		CAB592F724CA89E4001A005A /* Release */ = {
			isa = XCBuildConfiguration;
			buildSettings = {
				ALWAYS_SEARCH_USER_PATHS = NO;
				CLANG_ANALYZER_NONNULL = YES;
				CLANG_ANALYZER_NUMBER_OBJECT_CONVERSION = YES_AGGRESSIVE;
				CLANG_CXX_LANGUAGE_STANDARD = "gnu++14";
				CLANG_CXX_LIBRARY = "libc++";
				CLANG_ENABLE_MODULES = YES;
				CLANG_ENABLE_OBJC_ARC = YES;
				CLANG_ENABLE_OBJC_WEAK = YES;
				CLANG_WARN_BLOCK_CAPTURE_AUTORELEASING = YES;
				CLANG_WARN_BOOL_CONVERSION = YES;
				CLANG_WARN_COMMA = YES;
				CLANG_WARN_CONSTANT_CONVERSION = YES;
				CLANG_WARN_DEPRECATED_OBJC_IMPLEMENTATIONS = YES;
				CLANG_WARN_DIRECT_OBJC_ISA_USAGE = YES_ERROR;
				CLANG_WARN_DOCUMENTATION_COMMENTS = YES;
				CLANG_WARN_EMPTY_BODY = YES;
				CLANG_WARN_ENUM_CONVERSION = YES;
				CLANG_WARN_INFINITE_RECURSION = YES;
				CLANG_WARN_INT_CONVERSION = YES;
				CLANG_WARN_NON_LITERAL_NULL_CONVERSION = YES;
				CLANG_WARN_OBJC_IMPLICIT_RETAIN_SELF = YES;
				CLANG_WARN_OBJC_LITERAL_CONVERSION = YES;
				CLANG_WARN_OBJC_ROOT_CLASS = YES_ERROR;
				CLANG_WARN_RANGE_LOOP_ANALYSIS = YES;
				CLANG_WARN_STRICT_PROTOTYPES = YES;
				CLANG_WARN_SUSPICIOUS_MOVE = YES;
				CLANG_WARN_UNGUARDED_AVAILABILITY = YES_AGGRESSIVE;
				CLANG_WARN_UNREACHABLE_CODE = YES;
				CLANG_WARN__DUPLICATE_METHOD_MATCH = YES;
				COPY_PHASE_STRIP = NO;
				DEBUG_INFORMATION_FORMAT = "dwarf-with-dsym";
				ENABLE_NS_ASSERTIONS = NO;
				ENABLE_STRICT_OBJC_MSGSEND = YES;
				GCC_C_LANGUAGE_STANDARD = gnu11;
				GCC_NO_COMMON_BLOCKS = YES;
				GCC_WARN_64_TO_32_BIT_CONVERSION = YES;
				GCC_WARN_ABOUT_RETURN_TYPE = YES_ERROR;
				GCC_WARN_UNDECLARED_SELECTOR = YES;
				GCC_WARN_UNINITIALIZED_AUTOS = YES_AGGRESSIVE;
				GCC_WARN_UNUSED_FUNCTION = YES;
				GCC_WARN_UNUSED_VARIABLE = YES;
				IPHONEOS_DEPLOYMENT_TARGET = 13.6;
				MTL_ENABLE_DEBUG_INFO = NO;
				MTL_FAST_MATH = YES;
				SDKROOT = iphoneos;
				SWIFT_COMPILATION_MODE = wholemodule;
				SWIFT_OPTIMIZATION_LEVEL = "-O";
				VALIDATE_PRODUCT = YES;
			};
			name = Release;
		};
		CAB592F924CA89E4001A005A /* Debug */ = {
			isa = XCBuildConfiguration;
			baseConfigurationReference = 3C5595773D2F6527FC520721 /* Pods-Drive.debug.xcconfig */;
			buildSettings = {
				ASSETCATALOG_COMPILER_APPICON_NAME = AppIcon;
				CODE_SIGN_STYLE = Automatic;
				INFOPLIST_FILE = Drive/Info.plist;
				IPHONEOS_DEPLOYMENT_TARGET = 13.0;
				LD_RUNPATH_SEARCH_PATHS = (
					"$(inherited)",
					"@executable_path/Frameworks",
				);
				PRODUCT_BUNDLE_IDENTIFIER = com.amanjosh.Drive;
				PRODUCT_NAME = "$(TARGET_NAME)";
				SWIFT_VERSION = 5.0;
				TARGETED_DEVICE_FAMILY = "1,2";
			};
			name = Debug;
		};
		CAB592FA24CA89E4001A005A /* Release */ = {
			isa = XCBuildConfiguration;
			baseConfigurationReference = B89D6073D16FB504EFF57DA6 /* Pods-Drive.release.xcconfig */;
			buildSettings = {
				ASSETCATALOG_COMPILER_APPICON_NAME = AppIcon;
				CODE_SIGN_STYLE = Automatic;
				INFOPLIST_FILE = Drive/Info.plist;
				IPHONEOS_DEPLOYMENT_TARGET = 13.0;
				LD_RUNPATH_SEARCH_PATHS = (
					"$(inherited)",
					"@executable_path/Frameworks",
				);
				PRODUCT_BUNDLE_IDENTIFIER = com.amanjosh.Drive;
				PRODUCT_NAME = "$(TARGET_NAME)";
				SWIFT_VERSION = 5.0;
				TARGETED_DEVICE_FAMILY = "1,2";
			};
			name = Release;
		};
		CAB592FC24CA89E4001A005A /* Debug */ = {
			isa = XCBuildConfiguration;
			baseConfigurationReference = D31E8773E759C82EAEE3612B /* Pods-DriveTests.debug.xcconfig */;
			buildSettings = {
				ALWAYS_EMBED_SWIFT_STANDARD_LIBRARIES = YES;
				BUNDLE_LOADER = "$(TEST_HOST)";
				CODE_SIGN_STYLE = Automatic;
				INFOPLIST_FILE = DriveTests/Info.plist;
				IPHONEOS_DEPLOYMENT_TARGET = 13.6;
				LD_RUNPATH_SEARCH_PATHS = (
					"$(inherited)",
					"@executable_path/Frameworks",
					"@loader_path/Frameworks",
				);
				PRODUCT_BUNDLE_IDENTIFIER = com.amanjosh.DriveTests;
				PRODUCT_NAME = "$(TARGET_NAME)";
				SWIFT_VERSION = 5.0;
				TARGETED_DEVICE_FAMILY = "1,2";
				TEST_HOST = "$(BUILT_PRODUCTS_DIR)/Drive.app/Drive";
			};
			name = Debug;
		};
		CAB592FD24CA89E4001A005A /* Release */ = {
			isa = XCBuildConfiguration;
			baseConfigurationReference = 42BE13370A38A6911898C616 /* Pods-DriveTests.release.xcconfig */;
			buildSettings = {
				ALWAYS_EMBED_SWIFT_STANDARD_LIBRARIES = YES;
				BUNDLE_LOADER = "$(TEST_HOST)";
				CODE_SIGN_STYLE = Automatic;
				INFOPLIST_FILE = DriveTests/Info.plist;
				IPHONEOS_DEPLOYMENT_TARGET = 13.6;
				LD_RUNPATH_SEARCH_PATHS = (
					"$(inherited)",
					"@executable_path/Frameworks",
					"@loader_path/Frameworks",
				);
				PRODUCT_BUNDLE_IDENTIFIER = com.amanjosh.DriveTests;
				PRODUCT_NAME = "$(TARGET_NAME)";
				SWIFT_VERSION = 5.0;
				TARGETED_DEVICE_FAMILY = "1,2";
				TEST_HOST = "$(BUILT_PRODUCTS_DIR)/Drive.app/Drive";
			};
			name = Release;
		};
		CAB592FF24CA89E4001A005A /* Debug */ = {
			isa = XCBuildConfiguration;
			baseConfigurationReference = 338E3FB07BF066B5062D821B /* Pods-Drive-DriveUITests.debug.xcconfig */;
			buildSettings = {
				ALWAYS_EMBED_SWIFT_STANDARD_LIBRARIES = YES;
				CODE_SIGN_STYLE = Automatic;
				INFOPLIST_FILE = DriveUITests/Info.plist;
				LD_RUNPATH_SEARCH_PATHS = (
					"$(inherited)",
					"@executable_path/Frameworks",
					"@loader_path/Frameworks",
				);
				PRODUCT_BUNDLE_IDENTIFIER = com.amanjosh.DriveUITests;
				PRODUCT_NAME = "$(TARGET_NAME)";
				SWIFT_VERSION = 5.0;
				TARGETED_DEVICE_FAMILY = "1,2";
				TEST_TARGET_NAME = Drive;
			};
			name = Debug;
		};
		CAB5930024CA89E4001A005A /* Release */ = {
			isa = XCBuildConfiguration;
			baseConfigurationReference = 83D0C9BD60AB67BA37307CBC /* Pods-Drive-DriveUITests.release.xcconfig */;
			buildSettings = {
				ALWAYS_EMBED_SWIFT_STANDARD_LIBRARIES = YES;
				CODE_SIGN_STYLE = Automatic;
				INFOPLIST_FILE = DriveUITests/Info.plist;
				LD_RUNPATH_SEARCH_PATHS = (
					"$(inherited)",
					"@executable_path/Frameworks",
					"@loader_path/Frameworks",
				);
				PRODUCT_BUNDLE_IDENTIFIER = com.amanjosh.DriveUITests;
				PRODUCT_NAME = "$(TARGET_NAME)";
				SWIFT_VERSION = 5.0;
				TARGETED_DEVICE_FAMILY = "1,2";
				TEST_TARGET_NAME = Drive;
			};
			name = Release;
		};
/* End XCBuildConfiguration section */

/* Begin XCConfigurationList section */
		CAB592C624CA89E2001A005A /* Build configuration list for PBXProject "Drive" */ = {
			isa = XCConfigurationList;
			buildConfigurations = (
				CAB592F624CA89E4001A005A /* Debug */,
				CAB592F724CA89E4001A005A /* Release */,
			);
			defaultConfigurationIsVisible = 0;
			defaultConfigurationName = Release;
		};
		CAB592F824CA89E4001A005A /* Build configuration list for PBXNativeTarget "Drive" */ = {
			isa = XCConfigurationList;
			buildConfigurations = (
				CAB592F924CA89E4001A005A /* Debug */,
				CAB592FA24CA89E4001A005A /* Release */,
			);
			defaultConfigurationIsVisible = 0;
			defaultConfigurationName = Release;
		};
		CAB592FB24CA89E4001A005A /* Build configuration list for PBXNativeTarget "DriveTests" */ = {
			isa = XCConfigurationList;
			buildConfigurations = (
				CAB592FC24CA89E4001A005A /* Debug */,
				CAB592FD24CA89E4001A005A /* Release */,
			);
			defaultConfigurationIsVisible = 0;
			defaultConfigurationName = Release;
		};
		CAB592FE24CA89E4001A005A /* Build configuration list for PBXNativeTarget "DriveUITests" */ = {
			isa = XCConfigurationList;
			buildConfigurations = (
				CAB592FF24CA89E4001A005A /* Debug */,
				CAB5930024CA89E4001A005A /* Release */,
			);
			defaultConfigurationIsVisible = 0;
			defaultConfigurationName = Release;
		};
/* End XCConfigurationList section */

/* Begin XCVersionGroup section */
		CAB592D724CA89E3001A005A /* Drive.xcdatamodeld */ = {
			isa = XCVersionGroup;
			children = (
				CAB592D824CA89E3001A005A /* Drive.xcdatamodel */,
			);
			currentVersion = CAB592D824CA89E3001A005A /* Drive.xcdatamodel */;
			path = Drive.xcdatamodeld;
			sourceTree = "<group>";
			versionGroupType = wrapper.xcdatamodel;
		};
/* End XCVersionGroup section */
	};
	rootObject = CAB592C324CA89E2001A005A /* Project object */;
}
